// !$*UTF8*$!
{
	archiveVersion = 1;
	classes = {
	};
	objectVersion = 46;
	objects = {

/* Begin PBXBuildFile section */
		8F10F38B1654469AC1FA6D32 /* libPods.a in Frameworks */ = {isa = PBXBuildFile; fileRef = 0F6E0023750A50BB40328B9C /* libPods.a */; };
		E4070AF91A9289B3007E3CBB /* JBMapTableViewCell.m in Sources */ = {isa = PBXBuildFile; fileRef = E4070AF81A9289B3007E3CBB /* JBMapTableViewCell.m */; };
		E40A2AF81A7BC780001C5AF1 /* JBService.m in Sources */ = {isa = PBXBuildFile; fileRef = E40A2AF71A7BC780001C5AF1 /* JBService.m */; };
		E41448C01A768EAF002EB3AB /* main.m in Sources */ = {isa = PBXBuildFile; fileRef = E41448BF1A768EAF002EB3AB /* main.m */; };
		E41448C31A768EAF002EB3AB /* JBAppDelegate.m in Sources */ = {isa = PBXBuildFile; fileRef = E41448C21A768EAF002EB3AB /* JBAppDelegate.m */; };
		E41448C91A768EAF002EB3AB /* Main.storyboard in Resources */ = {isa = PBXBuildFile; fileRef = E41448C71A768EAF002EB3AB /* Main.storyboard */; };
		E41448CB1A768EAF002EB3AB /* Images.xcassets in Resources */ = {isa = PBXBuildFile; fileRef = E41448CA1A768EAF002EB3AB /* Images.xcassets */; };
		E41448CE1A768EAF002EB3AB /* LaunchScreen.xib in Resources */ = {isa = PBXBuildFile; fileRef = E41448CC1A768EAF002EB3AB /* LaunchScreen.xib */; };
		E41448DA1A768EAF002EB3AB /* JailbreakTests.m in Sources */ = {isa = PBXBuildFile; fileRef = E41448D91A768EAF002EB3AB /* JailbreakTests.m */; };
		E41448E81A76968D002EB3AB /* JBTeam.m in Sources */ = {isa = PBXBuildFile; fileRef = E41448E71A76968D002EB3AB /* JBTeam.m */; };
		E41448EA1A7698F5002EB3AB /* CoreLocation.framework in Frameworks */ = {isa = PBXBuildFile; fileRef = E41448E91A7698F5002EB3AB /* CoreLocation.framework */; };
		E41448ED1A76A78F002EB3AB /* JBUser.m in Sources */ = {isa = PBXBuildFile; fileRef = E41448EC1A76A78F002EB3AB /* JBUser.m */; };
		E41448F01A76DE04002EB3AB /* JBBaseViewController.m in Sources */ = {isa = PBXBuildFile; fileRef = E41448EF1A76DE04002EB3AB /* JBBaseViewController.m */; };
		E41448F61A76E0DA002EB3AB /* JBBaseTableViewController.m in Sources */ = {isa = PBXBuildFile; fileRef = E41448F51A76E0DA002EB3AB /* JBBaseTableViewController.m */; };
		E41448F91A76E787002EB3AB /* JBFeedTableViewController.m in Sources */ = {isa = PBXBuildFile; fileRef = E41448F81A76E787002EB3AB /* JBFeedTableViewController.m */; };
		E418A7B51A99562C00AC02A2 /* JBFeedBaseTableViewCell.m in Sources */ = {isa = PBXBuildFile; fileRef = E418A7B41A99562C00AC02A2 /* JBFeedBaseTableViewCell.m */; };
		E418A7B81A9962F800AC02A2 /* JBFeedImageTableViewCell.m in Sources */ = {isa = PBXBuildFile; fileRef = E418A7B71A9962F800AC02A2 /* JBFeedImageTableViewCell.m */; };
		E43EFEE01A894AD200B93D05 /* MapKit.framework in Frameworks */ = {isa = PBXBuildFile; fileRef = E43EFEDF1A894AD200B93D05 /* MapKit.framework */; };
		E43EFEE31A894E9900B93D05 /* MKMapView+Snapshot.m in Sources */ = {isa = PBXBuildFile; fileRef = E43EFEE21A894E9900B93D05 /* MKMapView+Snapshot.m */; };
		E43EFEE61A8AC6BE00B93D05 /* JBYouTubeView.m in Sources */ = {isa = PBXBuildFile; fileRef = E43EFEE51A8AC6BE00B93D05 /* JBYouTubeView.m */; };
		E43EFEE91A8AEDBF00B93D05 /* JBTeamsTableViewCell.m in Sources */ = {isa = PBXBuildFile; fileRef = E43EFEE81A8AEDBF00B93D05 /* JBTeamsTableViewCell.m */; };
		E43EFEEC1A8BA3D700B93D05 /* UIImage+JBAdditions.m in Sources */ = {isa = PBXBuildFile; fileRef = E43EFEEB1A8BA3D700B93D05 /* UIImage+JBAdditions.m */; };
		E43EFEEF1A8BE61600B93D05 /* JBButton.m in Sources */ = {isa = PBXBuildFile; fileRef = E43EFEEE1A8BE61600B93D05 /* JBButton.m */; };
		E43EFEF21A8BF80900B93D05 /* UIColor+JBAdditions.m in Sources */ = {isa = PBXBuildFile; fileRef = E43EFEF11A8BF80900B93D05 /* UIColor+JBAdditions.m */; };
		E4474A221A92A74D005557B1 /* JBAnnotation.m in Sources */ = {isa = PBXBuildFile; fileRef = E4474A211A92A74D005557B1 /* JBAnnotation.m */; };
		E452813F1AA40737006D2332 /* WebKit.framework in Frameworks */ = {isa = PBXBuildFile; fileRef = E452813E1AA40737006D2332 /* WebKit.framework */; };
		E45281441AA4172D006D2332 /* STKWebKitModalViewController.m in Sources */ = {isa = PBXBuildFile; fileRef = E45281411AA4172D006D2332 /* STKWebKitModalViewController.m */; };
		E45281451AA4172D006D2332 /* STKWebKitViewController.m in Sources */ = {isa = PBXBuildFile; fileRef = E45281431AA4172D006D2332 /* STKWebKitViewController.m */; };
		E45700691A794C2300A36ACD /* QuartzCore.framework in Frameworks */ = {isa = PBXBuildFile; fileRef = E45700681A794C2300A36ACD /* QuartzCore.framework */; };
		E457006C1A7959AC00A36ACD /* JBCheckin.m in Sources */ = {isa = PBXBuildFile; fileRef = E457006B1A7959AC00A36ACD /* JBCheckin.m */; };
		E457006F1A795D8B00A36ACD /* JBAPIManager.m in Sources */ = {isa = PBXBuildFile; fileRef = E457006E1A795D8B00A36ACD /* JBAPIManager.m */; };
		E45E01151A8004300034CA28 /* JBCircularImageView.m in Sources */ = {isa = PBXBuildFile; fileRef = E45E01141A8004300034CA28 /* JBCircularImageView.m */; };
		E45E01181A8010FC0034CA28 /* UIImageView+WebCacheWithProgress.m in Sources */ = {isa = PBXBuildFile; fileRef = E45E01171A8010FC0034CA28 /* UIImageView+WebCacheWithProgress.m */; };
		E45E01201A802E0D0034CA28 /* CERoundProgressView.m in Sources */ = {isa = PBXBuildFile; fileRef = E45E011D1A802E0D0034CA28 /* CERoundProgressView.m */; };
		E45E01211A802E0D0034CA28 /* CERoundProgressLayer.m in Sources */ = {isa = PBXBuildFile; fileRef = E45E011F1A802E0D0034CA28 /* CERoundProgressLayer.m */; };
		E45E01241A803CB30034CA28 /* JBTeamsTableViewController.m in Sources */ = {isa = PBXBuildFile; fileRef = E45E01231A803CB30034CA28 /* JBTeamsTableViewController.m */; };
		E46090771A9401D5008DC7E9 /* JBTeamVideoTableViewCell.m in Sources */ = {isa = PBXBuildFile; fileRef = E46090761A9401D5008DC7E9 /* JBTeamVideoTableViewCell.m */; };
		E46510E91AA030AE00CF9CF7 /* JBTeam+Annotation.m in Sources */ = {isa = PBXBuildFile; fileRef = E46510E81AA030AE00CF9CF7 /* JBTeam+Annotation.m */; };
		E46510EC1AA0348200CF9CF7 /* JBCheckin+Annotation.m in Sources */ = {isa = PBXBuildFile; fileRef = E46510EB1AA0348200CF9CF7 /* JBCheckin+Annotation.m */; };
		E46510EF1AA053C500CF9CF7 /* JBIntroViewController.m in Sources */ = {isa = PBXBuildFile; fileRef = E46510EE1AA053C500CF9CF7 /* JBIntroViewController.m */; };
		E46A92731A79CA2A002EF3A3 /* JBChallenge.m in Sources */ = {isa = PBXBuildFile; fileRef = E46A92721A79CA2A002EF3A3 /* JBChallenge.m */; };
		E46A92761A79CC2D002EF3A3 /* JBDonation.m in Sources */ = {isa = PBXBuildFile; fileRef = E46A92751A79CC2D002EF3A3 /* JBDonation.m */; };
		E476BDAE1A92E66200728C9E /* JBTeamSummaryTableViewCell.m in Sources */ = {isa = PBXBuildFile; fileRef = E476BDAD1A92E66200728C9E /* JBTeamSummaryTableViewCell.m */; };
		E476BDB41A92FC1900728C9E /* JBTeamAboutTableViewCell.m in Sources */ = {isa = PBXBuildFile; fileRef = E476BDB31A92FC1900728C9E /* JBTeamAboutTableViewCell.m */; };
		E477F05F1A9E07A700BF8BE7 /* JBFeedVineTableViewCell.m in Sources */ = {isa = PBXBuildFile; fileRef = E477F05E1A9E07A700BF8BE7 /* JBFeedVineTableViewCell.m */; };
		E477F0611A9E07D700BF8BE7 /* MediaPlayer.framework in Frameworks */ = {isa = PBXBuildFile; fileRef = E477F0601A9E07D700BF8BE7 /* MediaPlayer.framework */; };
		E47E944E1AA27C490040D417 /* JBPostsTableViewController.m in Sources */ = {isa = PBXBuildFile; fileRef = E47E944D1AA27C490040D417 /* JBPostsTableViewController.m */; };
		E47E94511AA27F840040D417 /* JBTeamPostsTableViewController.m in Sources */ = {isa = PBXBuildFile; fileRef = E47E94501AA27F840040D417 /* JBTeamPostsTableViewController.m */; };
		E49E05A21A9A441000E4A319 /* JBPost.m in Sources */ = {isa = PBXBuildFile; fileRef = E49E05A11A9A441000E4A319 /* JBPost.m */; };
		E49F8E981A9EA3B800B1B768 /* JBFeedDonateTableViewCell.m in Sources */ = {isa = PBXBuildFile; fileRef = E49F8E971A9EA3B800B1B768 /* JBFeedDonateTableViewCell.m */; };
		E49F8E9B1A9EA47900B1B768 /* JBPostDonate.m in Sources */ = {isa = PBXBuildFile; fileRef = E49F8E9A1A9EA47900B1B768 /* JBPostDonate.m */; };
		E49F8E9E1A9EC6EF00B1B768 /* JBFeedLinkTableViewCell.m in Sources */ = {isa = PBXBuildFile; fileRef = E49F8E9D1A9EC6EF00B1B768 /* JBFeedLinkTableViewCell.m */; };
		E49F8EA11A9ED28700B1B768 /* JBFeedCheckinTableViewCell.m in Sources */ = {isa = PBXBuildFile; fileRef = E49F8EA01A9ED28700B1B768 /* JBFeedCheckinTableViewCell.m */; };
		E4A18D1C1A96BB6D0086D70A /* JBTeamsMapViewController.m in Sources */ = {isa = PBXBuildFile; fileRef = E4A18D1B1A96BB6D0086D70A /* JBTeamsMapViewController.m */; };
		E4B54A401A9CDBDF00AB9481 /* JBPostLink.m in Sources */ = {isa = PBXBuildFile; fileRef = E4B54A3F1A9CDBDF00AB9481 /* JBPostLink.m */; };
		E4B54A431A9CDD5400AB9481 /* JBPostTwitter.m in Sources */ = {isa = PBXBuildFile; fileRef = E4B54A421A9CDD5400AB9481 /* JBPostTwitter.m */; };
		E4B54A461A9CE0D500AB9481 /* JBPostFacebook.m in Sources */ = {isa = PBXBuildFile; fileRef = E4B54A451A9CE0D500AB9481 /* JBPostFacebook.m */; };
		E4B54A4C1A9D636400AB9481 /* TTTOrdinalNumberFormatter.m in Sources */ = {isa = PBXBuildFile; fileRef = E4B54A4B1A9D636400AB9481 /* TTTOrdinalNumberFormatter.m */; };
		E4B54A4F1A9D766C00AB9481 /* JBPostVine.m in Sources */ = {isa = PBXBuildFile; fileRef = E4B54A4E1A9D766C00AB9481 /* JBPostVine.m */; };
		E4B54A521A9D795400AB9481 /* JBPostInstagram.m in Sources */ = {isa = PBXBuildFile; fileRef = E4B54A511A9D795400AB9481 /* JBPostInstagram.m */; };
		E4DFCCA11A9C0CDD00E8D9B9 /* Social.framework in Frameworks */ = {isa = PBXBuildFile; fileRef = E4DFCCA01A9C0CDD00E8D9B9 /* Social.framework */; };
		E4DFCCA31A9C1AE200E8D9B9 /* Accounts.framework in Frameworks */ = {isa = PBXBuildFile; fileRef = E4DFCCA21A9C1AE200E8D9B9 /* Accounts.framework */; };
		E4E6C1D11A94E41600D138EA /* JBTeamStatsTableViewCell.m in Sources */ = {isa = PBXBuildFile; fileRef = E4E6C1D01A94E41600D138EA /* JBTeamStatsTableViewCell.m */; };
		E4E6C1D41A952CC600D138EA /* JBTeamProfileViewController.m in Sources */ = {isa = PBXBuildFile; fileRef = E4E6C1D31A952CC600D138EA /* JBTeamProfileViewController.m */; };
		E4E6C1D71A9570F600D138EA /* JBMapViewController.m in Sources */ = {isa = PBXBuildFile; fileRef = E4E6C1D61A9570F600D138EA /* JBMapViewController.m */; };
		E4F45FBC1A8F98DE003A4997 /* NSDictionary+JBAdditions.m in Sources */ = {isa = PBXBuildFile; fileRef = E4F45FBB1A8F98DE003A4997 /* NSDictionary+JBAdditions.m */; };
/* End PBXBuildFile section */

/* Begin PBXContainerItemProxy section */
		E41448D41A768EAF002EB3AB /* PBXContainerItemProxy */ = {
			isa = PBXContainerItemProxy;
			containerPortal = E41448B21A768EAF002EB3AB /* Project object */;
			proxyType = 1;
			remoteGlobalIDString = E41448B91A768EAF002EB3AB;
			remoteInfo = Jailbreak;
		};
/* End PBXContainerItemProxy section */

/* Begin PBXFileReference section */
		0F6E0023750A50BB40328B9C /* libPods.a */ = {isa = PBXFileReference; explicitFileType = archive.ar; includeInIndex = 0; path = libPods.a; sourceTree = BUILT_PRODUCTS_DIR; };
		44B60641F982759679496D5E /* Pods.debug.xcconfig */ = {isa = PBXFileReference; includeInIndex = 1; lastKnownFileType = text.xcconfig; name = Pods.debug.xcconfig; path = "Pods/Target Support Files/Pods/Pods.debug.xcconfig"; sourceTree = "<group>"; };
		CDC4B41D247DBA85DAB1DFF1 /* Pods.release.xcconfig */ = {isa = PBXFileReference; includeInIndex = 1; lastKnownFileType = text.xcconfig; name = Pods.release.xcconfig; path = "Pods/Target Support Files/Pods/Pods.release.xcconfig"; sourceTree = "<group>"; };
		E4070AF71A9289B3007E3CBB /* JBMapTableViewCell.h */ = {isa = PBXFileReference; fileEncoding = 4; lastKnownFileType = sourcecode.c.h; path = JBMapTableViewCell.h; sourceTree = "<group>"; };
		E4070AF81A9289B3007E3CBB /* JBMapTableViewCell.m */ = {isa = PBXFileReference; fileEncoding = 4; lastKnownFileType = sourcecode.c.objc; path = JBMapTableViewCell.m; sourceTree = "<group>"; };
		E40A2AF61A7BC780001C5AF1 /* JBService.h */ = {isa = PBXFileReference; fileEncoding = 4; lastKnownFileType = sourcecode.c.h; path = JBService.h; sourceTree = "<group>"; };
		E40A2AF71A7BC780001C5AF1 /* JBService.m */ = {isa = PBXFileReference; fileEncoding = 4; lastKnownFileType = sourcecode.c.objc; path = JBService.m; sourceTree = "<group>"; };
		E41448BA1A768EAF002EB3AB /* Jailbreak.app */ = {isa = PBXFileReference; explicitFileType = wrapper.application; includeInIndex = 0; path = Jailbreak.app; sourceTree = BUILT_PRODUCTS_DIR; };
		E41448BE1A768EAF002EB3AB /* Info.plist */ = {isa = PBXFileReference; lastKnownFileType = text.plist.xml; path = Info.plist; sourceTree = "<group>"; };
		E41448BF1A768EAF002EB3AB /* main.m */ = {isa = PBXFileReference; lastKnownFileType = sourcecode.c.objc; path = main.m; sourceTree = "<group>"; };
		E41448C11A768EAF002EB3AB /* JBAppDelegate.h */ = {isa = PBXFileReference; lastKnownFileType = sourcecode.c.h; path = JBAppDelegate.h; sourceTree = "<group>"; };
		E41448C21A768EAF002EB3AB /* JBAppDelegate.m */ = {isa = PBXFileReference; lastKnownFileType = sourcecode.c.objc; path = JBAppDelegate.m; sourceTree = "<group>"; };
		E41448C81A768EAF002EB3AB /* Base */ = {isa = PBXFileReference; lastKnownFileType = file.storyboard; name = Base; path = Base.lproj/Main.storyboard; sourceTree = "<group>"; };
		E41448CA1A768EAF002EB3AB /* Images.xcassets */ = {isa = PBXFileReference; lastKnownFileType = folder.assetcatalog; path = Images.xcassets; sourceTree = "<group>"; };
		E41448CD1A768EAF002EB3AB /* Base */ = {isa = PBXFileReference; lastKnownFileType = file.xib; name = Base; path = Base.lproj/LaunchScreen.xib; sourceTree = "<group>"; };
		E41448D31A768EAF002EB3AB /* JailbreakTests.xctest */ = {isa = PBXFileReference; explicitFileType = wrapper.cfbundle; includeInIndex = 0; path = JailbreakTests.xctest; sourceTree = BUILT_PRODUCTS_DIR; };
		E41448D81A768EAF002EB3AB /* Info.plist */ = {isa = PBXFileReference; lastKnownFileType = text.plist.xml; path = Info.plist; sourceTree = "<group>"; };
		E41448D91A768EAF002EB3AB /* JailbreakTests.m */ = {isa = PBXFileReference; lastKnownFileType = sourcecode.c.objc; path = JailbreakTests.m; sourceTree = "<group>"; };
		E41448E61A76968D002EB3AB /* JBTeam.h */ = {isa = PBXFileReference; fileEncoding = 4; lastKnownFileType = sourcecode.c.h; path = JBTeam.h; sourceTree = "<group>"; };
		E41448E71A76968D002EB3AB /* JBTeam.m */ = {isa = PBXFileReference; fileEncoding = 4; lastKnownFileType = sourcecode.c.objc; path = JBTeam.m; sourceTree = "<group>"; };
		E41448E91A7698F5002EB3AB /* CoreLocation.framework */ = {isa = PBXFileReference; lastKnownFileType = wrapper.framework; name = CoreLocation.framework; path = System/Library/Frameworks/CoreLocation.framework; sourceTree = SDKROOT; };
		E41448EB1A76A78F002EB3AB /* JBUser.h */ = {isa = PBXFileReference; fileEncoding = 4; lastKnownFileType = sourcecode.c.h; path = JBUser.h; sourceTree = "<group>"; };
		E41448EC1A76A78F002EB3AB /* JBUser.m */ = {isa = PBXFileReference; fileEncoding = 4; lastKnownFileType = sourcecode.c.objc; path = JBUser.m; sourceTree = "<group>"; };
		E41448EE1A76DE04002EB3AB /* JBBaseViewController.h */ = {isa = PBXFileReference; fileEncoding = 4; lastKnownFileType = sourcecode.c.h; path = JBBaseViewController.h; sourceTree = "<group>"; };
		E41448EF1A76DE04002EB3AB /* JBBaseViewController.m */ = {isa = PBXFileReference; fileEncoding = 4; lastKnownFileType = sourcecode.c.objc; path = JBBaseViewController.m; sourceTree = "<group>"; };
		E41448F41A76E0DA002EB3AB /* JBBaseTableViewController.h */ = {isa = PBXFileReference; fileEncoding = 4; lastKnownFileType = sourcecode.c.h; path = JBBaseTableViewController.h; sourceTree = "<group>"; };
		E41448F51A76E0DA002EB3AB /* JBBaseTableViewController.m */ = {isa = PBXFileReference; fileEncoding = 4; lastKnownFileType = sourcecode.c.objc; path = JBBaseTableViewController.m; sourceTree = "<group>"; };
		E41448F71A76E787002EB3AB /* JBFeedTableViewController.h */ = {isa = PBXFileReference; fileEncoding = 4; lastKnownFileType = sourcecode.c.h; path = JBFeedTableViewController.h; sourceTree = "<group>"; };
		E41448F81A76E787002EB3AB /* JBFeedTableViewController.m */ = {isa = PBXFileReference; fileEncoding = 4; lastKnownFileType = sourcecode.c.objc; path = JBFeedTableViewController.m; sourceTree = "<group>"; };
		E418A7B31A99562C00AC02A2 /* JBFeedBaseTableViewCell.h */ = {isa = PBXFileReference; fileEncoding = 4; lastKnownFileType = sourcecode.c.h; path = JBFeedBaseTableViewCell.h; sourceTree = "<group>"; };
		E418A7B41A99562C00AC02A2 /* JBFeedBaseTableViewCell.m */ = {isa = PBXFileReference; fileEncoding = 4; lastKnownFileType = sourcecode.c.objc; path = JBFeedBaseTableViewCell.m; sourceTree = "<group>"; };
		E418A7B61A9962F700AC02A2 /* JBFeedImageTableViewCell.h */ = {isa = PBXFileReference; fileEncoding = 4; lastKnownFileType = sourcecode.c.h; path = JBFeedImageTableViewCell.h; sourceTree = "<group>"; };
		E418A7B71A9962F800AC02A2 /* JBFeedImageTableViewCell.m */ = {isa = PBXFileReference; fileEncoding = 4; lastKnownFileType = sourcecode.c.objc; path = JBFeedImageTableViewCell.m; sourceTree = "<group>"; };
		E43EFEDF1A894AD200B93D05 /* MapKit.framework */ = {isa = PBXFileReference; lastKnownFileType = wrapper.framework; name = MapKit.framework; path = System/Library/Frameworks/MapKit.framework; sourceTree = SDKROOT; };
		E43EFEE11A894E9900B93D05 /* MKMapView+Snapshot.h */ = {isa = PBXFileReference; fileEncoding = 4; lastKnownFileType = sourcecode.c.h; path = "MKMapView+Snapshot.h"; sourceTree = "<group>"; };
		E43EFEE21A894E9900B93D05 /* MKMapView+Snapshot.m */ = {isa = PBXFileReference; fileEncoding = 4; lastKnownFileType = sourcecode.c.objc; path = "MKMapView+Snapshot.m"; sourceTree = "<group>"; };
		E43EFEE41A8AC6BE00B93D05 /* JBYouTubeView.h */ = {isa = PBXFileReference; fileEncoding = 4; lastKnownFileType = sourcecode.c.h; path = JBYouTubeView.h; sourceTree = "<group>"; };
		E43EFEE51A8AC6BE00B93D05 /* JBYouTubeView.m */ = {isa = PBXFileReference; fileEncoding = 4; lastKnownFileType = sourcecode.c.objc; path = JBYouTubeView.m; sourceTree = "<group>"; };
		E43EFEE71A8AEDBF00B93D05 /* JBTeamsTableViewCell.h */ = {isa = PBXFileReference; fileEncoding = 4; lastKnownFileType = sourcecode.c.h; path = JBTeamsTableViewCell.h; sourceTree = "<group>"; };
		E43EFEE81A8AEDBF00B93D05 /* JBTeamsTableViewCell.m */ = {isa = PBXFileReference; fileEncoding = 4; lastKnownFileType = sourcecode.c.objc; path = JBTeamsTableViewCell.m; sourceTree = "<group>"; };
		E43EFEEA1A8BA3D700B93D05 /* UIImage+JBAdditions.h */ = {isa = PBXFileReference; fileEncoding = 4; lastKnownFileType = sourcecode.c.h; path = "UIImage+JBAdditions.h"; sourceTree = "<group>"; };
		E43EFEEB1A8BA3D700B93D05 /* UIImage+JBAdditions.m */ = {isa = PBXFileReference; fileEncoding = 4; lastKnownFileType = sourcecode.c.objc; path = "UIImage+JBAdditions.m"; sourceTree = "<group>"; };
		E43EFEED1A8BE61600B93D05 /* JBButton.h */ = {isa = PBXFileReference; fileEncoding = 4; lastKnownFileType = sourcecode.c.h; path = JBButton.h; sourceTree = "<group>"; };
		E43EFEEE1A8BE61600B93D05 /* JBButton.m */ = {isa = PBXFileReference; fileEncoding = 4; lastKnownFileType = sourcecode.c.objc; path = JBButton.m; sourceTree = "<group>"; };
		E43EFEF01A8BF80900B93D05 /* UIColor+JBAdditions.h */ = {isa = PBXFileReference; fileEncoding = 4; lastKnownFileType = sourcecode.c.h; path = "UIColor+JBAdditions.h"; sourceTree = "<group>"; };
		E43EFEF11A8BF80900B93D05 /* UIColor+JBAdditions.m */ = {isa = PBXFileReference; fileEncoding = 4; lastKnownFileType = sourcecode.c.objc; path = "UIColor+JBAdditions.m"; sourceTree = "<group>"; };
		E4474A201A92A74D005557B1 /* JBAnnotation.h */ = {isa = PBXFileReference; fileEncoding = 4; lastKnownFileType = sourcecode.c.h; path = JBAnnotation.h; sourceTree = "<group>"; };
		E4474A211A92A74D005557B1 /* JBAnnotation.m */ = {isa = PBXFileReference; fileEncoding = 4; lastKnownFileType = sourcecode.c.objc; path = JBAnnotation.m; sourceTree = "<group>"; };
		E452813E1AA40737006D2332 /* WebKit.framework */ = {isa = PBXFileReference; lastKnownFileType = wrapper.framework; name = WebKit.framework; path = System/Library/Frameworks/WebKit.framework; sourceTree = SDKROOT; };
		E45281401AA4172D006D2332 /* STKWebKitModalViewController.h */ = {isa = PBXFileReference; fileEncoding = 4; lastKnownFileType = sourcecode.c.h; path = STKWebKitModalViewController.h; sourceTree = "<group>"; };
		E45281411AA4172D006D2332 /* STKWebKitModalViewController.m */ = {isa = PBXFileReference; fileEncoding = 4; lastKnownFileType = sourcecode.c.objc; path = STKWebKitModalViewController.m; sourceTree = "<group>"; };
		E45281421AA4172D006D2332 /* STKWebKitViewController.h */ = {isa = PBXFileReference; fileEncoding = 4; lastKnownFileType = sourcecode.c.h; path = STKWebKitViewController.h; sourceTree = "<group>"; };
		E45281431AA4172D006D2332 /* STKWebKitViewController.m */ = {isa = PBXFileReference; fileEncoding = 4; lastKnownFileType = sourcecode.c.objc; path = STKWebKitViewController.m; sourceTree = "<group>"; };
		E45700681A794C2300A36ACD /* QuartzCore.framework */ = {isa = PBXFileReference; lastKnownFileType = wrapper.framework; name = QuartzCore.framework; path = System/Library/Frameworks/QuartzCore.framework; sourceTree = SDKROOT; };
		E457006A1A7959AC00A36ACD /* JBCheckin.h */ = {isa = PBXFileReference; fileEncoding = 4; lastKnownFileType = sourcecode.c.h; path = JBCheckin.h; sourceTree = "<group>"; };
		E457006B1A7959AC00A36ACD /* JBCheckin.m */ = {isa = PBXFileReference; fileEncoding = 4; lastKnownFileType = sourcecode.c.objc; path = JBCheckin.m; sourceTree = "<group>"; };
		E457006D1A795D8B00A36ACD /* JBAPIManager.h */ = {isa = PBXFileReference; fileEncoding = 4; lastKnownFileType = sourcecode.c.h; path = JBAPIManager.h; sourceTree = "<group>"; };
		E457006E1A795D8B00A36ACD /* JBAPIManager.m */ = {isa = PBXFileReference; fileEncoding = 4; lastKnownFileType = sourcecode.c.objc; path = JBAPIManager.m; sourceTree = "<group>"; };
		E45E01131A8004300034CA28 /* JBCircularImageView.h */ = {isa = PBXFileReference; fileEncoding = 4; lastKnownFileType = sourcecode.c.h; path = JBCircularImageView.h; sourceTree = "<group>"; };
		E45E01141A8004300034CA28 /* JBCircularImageView.m */ = {isa = PBXFileReference; fileEncoding = 4; lastKnownFileType = sourcecode.c.objc; path = JBCircularImageView.m; sourceTree = "<group>"; };
		E45E01161A8010FC0034CA28 /* UIImageView+WebCacheWithProgress.h */ = {isa = PBXFileReference; fileEncoding = 4; lastKnownFileType = sourcecode.c.h; path = "UIImageView+WebCacheWithProgress.h"; sourceTree = "<group>"; };
		E45E01171A8010FC0034CA28 /* UIImageView+WebCacheWithProgress.m */ = {isa = PBXFileReference; fileEncoding = 4; lastKnownFileType = sourcecode.c.objc; path = "UIImageView+WebCacheWithProgress.m"; sourceTree = "<group>"; };
		E45E011C1A802E0D0034CA28 /* CERoundProgressView.h */ = {isa = PBXFileReference; fileEncoding = 4; lastKnownFileType = sourcecode.c.h; path = CERoundProgressView.h; sourceTree = "<group>"; };
		E45E011D1A802E0D0034CA28 /* CERoundProgressView.m */ = {isa = PBXFileReference; fileEncoding = 4; lastKnownFileType = sourcecode.c.objc; path = CERoundProgressView.m; sourceTree = "<group>"; };
		E45E011E1A802E0D0034CA28 /* CERoundProgressLayer.h */ = {isa = PBXFileReference; fileEncoding = 4; lastKnownFileType = sourcecode.c.h; path = CERoundProgressLayer.h; sourceTree = "<group>"; };
		E45E011F1A802E0D0034CA28 /* CERoundProgressLayer.m */ = {isa = PBXFileReference; fileEncoding = 4; lastKnownFileType = sourcecode.c.objc; path = CERoundProgressLayer.m; sourceTree = "<group>"; };
		E45E01221A803CB30034CA28 /* JBTeamsTableViewController.h */ = {isa = PBXFileReference; fileEncoding = 4; lastKnownFileType = sourcecode.c.h; path = JBTeamsTableViewController.h; sourceTree = "<group>"; };
		E45E01231A803CB30034CA28 /* JBTeamsTableViewController.m */ = {isa = PBXFileReference; fileEncoding = 4; lastKnownFileType = sourcecode.c.objc; path = JBTeamsTableViewController.m; sourceTree = "<group>"; };
		E46090751A9401D5008DC7E9 /* JBTeamVideoTableViewCell.h */ = {isa = PBXFileReference; fileEncoding = 4; lastKnownFileType = sourcecode.c.h; path = JBTeamVideoTableViewCell.h; sourceTree = "<group>"; };
		E46090761A9401D5008DC7E9 /* JBTeamVideoTableViewCell.m */ = {isa = PBXFileReference; fileEncoding = 4; lastKnownFileType = sourcecode.c.objc; path = JBTeamVideoTableViewCell.m; sourceTree = "<group>"; };
		E46510E71AA030AE00CF9CF7 /* JBTeam+Annotation.h */ = {isa = PBXFileReference; fileEncoding = 4; lastKnownFileType = sourcecode.c.h; path = "JBTeam+Annotation.h"; sourceTree = "<group>"; };
		E46510E81AA030AE00CF9CF7 /* JBTeam+Annotation.m */ = {isa = PBXFileReference; fileEncoding = 4; lastKnownFileType = sourcecode.c.objc; path = "JBTeam+Annotation.m"; sourceTree = "<group>"; };
		E46510EA1AA0348200CF9CF7 /* JBCheckin+Annotation.h */ = {isa = PBXFileReference; fileEncoding = 4; lastKnownFileType = sourcecode.c.h; path = "JBCheckin+Annotation.h"; sourceTree = "<group>"; };
		E46510EB1AA0348200CF9CF7 /* JBCheckin+Annotation.m */ = {isa = PBXFileReference; fileEncoding = 4; lastKnownFileType = sourcecode.c.objc; path = "JBCheckin+Annotation.m"; sourceTree = "<group>"; };
		E46510ED1AA053C500CF9CF7 /* JBIntroViewController.h */ = {isa = PBXFileReference; fileEncoding = 4; lastKnownFileType = sourcecode.c.h; path = JBIntroViewController.h; sourceTree = "<group>"; };
		E46510EE1AA053C500CF9CF7 /* JBIntroViewController.m */ = {isa = PBXFileReference; fileEncoding = 4; lastKnownFileType = sourcecode.c.objc; path = JBIntroViewController.m; sourceTree = "<group>"; };
		E46A92711A79CA2A002EF3A3 /* JBChallenge.h */ = {isa = PBXFileReference; fileEncoding = 4; lastKnownFileType = sourcecode.c.h; path = JBChallenge.h; sourceTree = "<group>"; };
		E46A92721A79CA2A002EF3A3 /* JBChallenge.m */ = {isa = PBXFileReference; fileEncoding = 4; lastKnownFileType = sourcecode.c.objc; path = JBChallenge.m; sourceTree = "<group>"; };
		E46A92741A79CC2D002EF3A3 /* JBDonation.h */ = {isa = PBXFileReference; fileEncoding = 4; lastKnownFileType = sourcecode.c.h; path = JBDonation.h; sourceTree = "<group>"; };
		E46A92751A79CC2D002EF3A3 /* JBDonation.m */ = {isa = PBXFileReference; fileEncoding = 4; lastKnownFileType = sourcecode.c.objc; path = JBDonation.m; sourceTree = "<group>"; };
		E476BDAC1A92E66200728C9E /* JBTeamSummaryTableViewCell.h */ = {isa = PBXFileReference; fileEncoding = 4; lastKnownFileType = sourcecode.c.h; path = JBTeamSummaryTableViewCell.h; sourceTree = "<group>"; };
		E476BDAD1A92E66200728C9E /* JBTeamSummaryTableViewCell.m */ = {isa = PBXFileReference; fileEncoding = 4; lastKnownFileType = sourcecode.c.objc; path = JBTeamSummaryTableViewCell.m; sourceTree = "<group>"; };
		E476BDB21A92FC1900728C9E /* JBTeamAboutTableViewCell.h */ = {isa = PBXFileReference; fileEncoding = 4; lastKnownFileType = sourcecode.c.h; path = JBTeamAboutTableViewCell.h; sourceTree = "<group>"; };
		E476BDB31A92FC1900728C9E /* JBTeamAboutTableViewCell.m */ = {isa = PBXFileReference; fileEncoding = 4; lastKnownFileType = sourcecode.c.objc; path = JBTeamAboutTableViewCell.m; sourceTree = "<group>"; };
		E477F05D1A9E07A700BF8BE7 /* JBFeedVineTableViewCell.h */ = {isa = PBXFileReference; fileEncoding = 4; lastKnownFileType = sourcecode.c.h; path = JBFeedVineTableViewCell.h; sourceTree = "<group>"; };
		E477F05E1A9E07A700BF8BE7 /* JBFeedVineTableViewCell.m */ = {isa = PBXFileReference; fileEncoding = 4; lastKnownFileType = sourcecode.c.objc; path = JBFeedVineTableViewCell.m; sourceTree = "<group>"; };
		E477F0601A9E07D700BF8BE7 /* MediaPlayer.framework */ = {isa = PBXFileReference; lastKnownFileType = wrapper.framework; name = MediaPlayer.framework; path = System/Library/Frameworks/MediaPlayer.framework; sourceTree = SDKROOT; };
		E47E944C1AA27C490040D417 /* JBPostsTableViewController.h */ = {isa = PBXFileReference; fileEncoding = 4; lastKnownFileType = sourcecode.c.h; path = JBPostsTableViewController.h; sourceTree = "<group>"; };
		E47E944D1AA27C490040D417 /* JBPostsTableViewController.m */ = {isa = PBXFileReference; fileEncoding = 4; lastKnownFileType = sourcecode.c.objc; path = JBPostsTableViewController.m; sourceTree = "<group>"; };
		E47E944F1AA27F840040D417 /* JBTeamPostsTableViewController.h */ = {isa = PBXFileReference; fileEncoding = 4; lastKnownFileType = sourcecode.c.h; path = JBTeamPostsTableViewController.h; sourceTree = "<group>"; };
		E47E94501AA27F840040D417 /* JBTeamPostsTableViewController.m */ = {isa = PBXFileReference; fileEncoding = 4; lastKnownFileType = sourcecode.c.objc; path = JBTeamPostsTableViewController.m; sourceTree = "<group>"; };
		E49E05A01A9A441000E4A319 /* JBPost.h */ = {isa = PBXFileReference; fileEncoding = 4; lastKnownFileType = sourcecode.c.h; path = JBPost.h; sourceTree = "<group>"; };
		E49E05A11A9A441000E4A319 /* JBPost.m */ = {isa = PBXFileReference; fileEncoding = 4; lastKnownFileType = sourcecode.c.objc; path = JBPost.m; sourceTree = "<group>"; };
		E49F8E961A9EA3B800B1B768 /* JBFeedDonateTableViewCell.h */ = {isa = PBXFileReference; fileEncoding = 4; lastKnownFileType = sourcecode.c.h; path = JBFeedDonateTableViewCell.h; sourceTree = "<group>"; };
		E49F8E971A9EA3B800B1B768 /* JBFeedDonateTableViewCell.m */ = {isa = PBXFileReference; fileEncoding = 4; lastKnownFileType = sourcecode.c.objc; path = JBFeedDonateTableViewCell.m; sourceTree = "<group>"; };
		E49F8E991A9EA47900B1B768 /* JBPostDonate.h */ = {isa = PBXFileReference; fileEncoding = 4; lastKnownFileType = sourcecode.c.h; path = JBPostDonate.h; sourceTree = "<group>"; };
		E49F8E9A1A9EA47900B1B768 /* JBPostDonate.m */ = {isa = PBXFileReference; fileEncoding = 4; lastKnownFileType = sourcecode.c.objc; path = JBPostDonate.m; sourceTree = "<group>"; };
		E49F8E9C1A9EC6EF00B1B768 /* JBFeedLinkTableViewCell.h */ = {isa = PBXFileReference; fileEncoding = 4; lastKnownFileType = sourcecode.c.h; path = JBFeedLinkTableViewCell.h; sourceTree = "<group>"; };
		E49F8E9D1A9EC6EF00B1B768 /* JBFeedLinkTableViewCell.m */ = {isa = PBXFileReference; fileEncoding = 4; lastKnownFileType = sourcecode.c.objc; path = JBFeedLinkTableViewCell.m; sourceTree = "<group>"; };
		E49F8E9F1A9ED28700B1B768 /* JBFeedCheckinTableViewCell.h */ = {isa = PBXFileReference; fileEncoding = 4; lastKnownFileType = sourcecode.c.h; path = JBFeedCheckinTableViewCell.h; sourceTree = "<group>"; };
		E49F8EA01A9ED28700B1B768 /* JBFeedCheckinTableViewCell.m */ = {isa = PBXFileReference; fileEncoding = 4; lastKnownFileType = sourcecode.c.objc; path = JBFeedCheckinTableViewCell.m; sourceTree = "<group>"; };
		E4A18D1A1A96BB6D0086D70A /* JBTeamsMapViewController.h */ = {isa = PBXFileReference; fileEncoding = 4; lastKnownFileType = sourcecode.c.h; path = JBTeamsMapViewController.h; sourceTree = "<group>"; };
		E4A18D1B1A96BB6D0086D70A /* JBTeamsMapViewController.m */ = {isa = PBXFileReference; fileEncoding = 4; lastKnownFileType = sourcecode.c.objc; path = JBTeamsMapViewController.m; sourceTree = "<group>"; };
		E4B54A3E1A9CDBDF00AB9481 /* JBPostLink.h */ = {isa = PBXFileReference; fileEncoding = 4; lastKnownFileType = sourcecode.c.h; path = JBPostLink.h; sourceTree = "<group>"; };
		E4B54A3F1A9CDBDF00AB9481 /* JBPostLink.m */ = {isa = PBXFileReference; fileEncoding = 4; lastKnownFileType = sourcecode.c.objc; path = JBPostLink.m; sourceTree = "<group>"; };
		E4B54A411A9CDD5400AB9481 /* JBPostTwitter.h */ = {isa = PBXFileReference; fileEncoding = 4; lastKnownFileType = sourcecode.c.h; path = JBPostTwitter.h; sourceTree = "<group>"; };
		E4B54A421A9CDD5400AB9481 /* JBPostTwitter.m */ = {isa = PBXFileReference; fileEncoding = 4; lastKnownFileType = sourcecode.c.objc; path = JBPostTwitter.m; sourceTree = "<group>"; };
		E4B54A441A9CE0D500AB9481 /* JBPostFacebook.h */ = {isa = PBXFileReference; fileEncoding = 4; lastKnownFileType = sourcecode.c.h; path = JBPostFacebook.h; sourceTree = "<group>"; };
		E4B54A451A9CE0D500AB9481 /* JBPostFacebook.m */ = {isa = PBXFileReference; fileEncoding = 4; lastKnownFileType = sourcecode.c.objc; path = JBPostFacebook.m; sourceTree = "<group>"; };
		E4B54A4A1A9D636400AB9481 /* TTTOrdinalNumberFormatter.h */ = {isa = PBXFileReference; fileEncoding = 4; lastKnownFileType = sourcecode.c.h; path = TTTOrdinalNumberFormatter.h; sourceTree = "<group>"; };
		E4B54A4B1A9D636400AB9481 /* TTTOrdinalNumberFormatter.m */ = {isa = PBXFileReference; fileEncoding = 4; lastKnownFileType = sourcecode.c.objc; path = TTTOrdinalNumberFormatter.m; sourceTree = "<group>"; };
		E4B54A4D1A9D766C00AB9481 /* JBPostVine.h */ = {isa = PBXFileReference; fileEncoding = 4; lastKnownFileType = sourcecode.c.h; path = JBPostVine.h; sourceTree = "<group>"; };
		E4B54A4E1A9D766C00AB9481 /* JBPostVine.m */ = {isa = PBXFileReference; fileEncoding = 4; lastKnownFileType = sourcecode.c.objc; path = JBPostVine.m; sourceTree = "<group>"; };
		E4B54A501A9D795400AB9481 /* JBPostInstagram.h */ = {isa = PBXFileReference; fileEncoding = 4; lastKnownFileType = sourcecode.c.h; path = JBPostInstagram.h; sourceTree = "<group>"; };
		E4B54A511A9D795400AB9481 /* JBPostInstagram.m */ = {isa = PBXFileReference; fileEncoding = 4; lastKnownFileType = sourcecode.c.objc; path = JBPostInstagram.m; sourceTree = "<group>"; };
		E4DFCCA01A9C0CDD00E8D9B9 /* Social.framework */ = {isa = PBXFileReference; lastKnownFileType = wrapper.framework; name = Social.framework; path = System/Library/Frameworks/Social.framework; sourceTree = SDKROOT; };
		E4DFCCA21A9C1AE200E8D9B9 /* Accounts.framework */ = {isa = PBXFileReference; lastKnownFileType = wrapper.framework; name = Accounts.framework; path = System/Library/Frameworks/Accounts.framework; sourceTree = SDKROOT; };
		E4E6C1CF1A94E41600D138EA /* JBTeamStatsTableViewCell.h */ = {isa = PBXFileReference; fileEncoding = 4; lastKnownFileType = sourcecode.c.h; path = JBTeamStatsTableViewCell.h; sourceTree = "<group>"; };
		E4E6C1D01A94E41600D138EA /* JBTeamStatsTableViewCell.m */ = {isa = PBXFileReference; fileEncoding = 4; lastKnownFileType = sourcecode.c.objc; path = JBTeamStatsTableViewCell.m; sourceTree = "<group>"; };
		E4E6C1D21A952CC600D138EA /* JBTeamProfileViewController.h */ = {isa = PBXFileReference; fileEncoding = 4; lastKnownFileType = sourcecode.c.h; path = JBTeamProfileViewController.h; sourceTree = "<group>"; };
		E4E6C1D31A952CC600D138EA /* JBTeamProfileViewController.m */ = {isa = PBXFileReference; fileEncoding = 4; lastKnownFileType = sourcecode.c.objc; path = JBTeamProfileViewController.m; sourceTree = "<group>"; };
		E4E6C1D51A9570F600D138EA /* JBMapViewController.h */ = {isa = PBXFileReference; fileEncoding = 4; lastKnownFileType = sourcecode.c.h; path = JBMapViewController.h; sourceTree = "<group>"; };
		E4E6C1D61A9570F600D138EA /* JBMapViewController.m */ = {isa = PBXFileReference; fileEncoding = 4; lastKnownFileType = sourcecode.c.objc; path = JBMapViewController.m; sourceTree = "<group>"; };
		E4F45FBA1A8F98DE003A4997 /* NSDictionary+JBAdditions.h */ = {isa = PBXFileReference; fileEncoding = 4; lastKnownFileType = sourcecode.c.h; path = "NSDictionary+JBAdditions.h"; sourceTree = "<group>"; };
		E4F45FBB1A8F98DE003A4997 /* NSDictionary+JBAdditions.m */ = {isa = PBXFileReference; fileEncoding = 4; lastKnownFileType = sourcecode.c.objc; path = "NSDictionary+JBAdditions.m"; sourceTree = "<group>"; };
/* End PBXFileReference section */

/* Begin PBXFrameworksBuildPhase section */
		E41448B71A768EAF002EB3AB /* Frameworks */ = {
			isa = PBXFrameworksBuildPhase;
			buildActionMask = 2147483647;
			files = (
				E452813F1AA40737006D2332 /* WebKit.framework in Frameworks */,
				E477F0611A9E07D700BF8BE7 /* MediaPlayer.framework in Frameworks */,
				E4DFCCA31A9C1AE200E8D9B9 /* Accounts.framework in Frameworks */,
				E4DFCCA11A9C0CDD00E8D9B9 /* Social.framework in Frameworks */,
				E43EFEE01A894AD200B93D05 /* MapKit.framework in Frameworks */,
				E45700691A794C2300A36ACD /* QuartzCore.framework in Frameworks */,
				E41448EA1A7698F5002EB3AB /* CoreLocation.framework in Frameworks */,
				8F10F38B1654469AC1FA6D32 /* libPods.a in Frameworks */,
			);
			runOnlyForDeploymentPostprocessing = 0;
		};
		E41448D01A768EAF002EB3AB /* Frameworks */ = {
			isa = PBXFrameworksBuildPhase;
			buildActionMask = 2147483647;
			files = (
			);
			runOnlyForDeploymentPostprocessing = 0;
		};
/* End PBXFrameworksBuildPhase section */

/* Begin PBXGroup section */
		A92354DD1B266A89E35049FB /* Pods */ = {
			isa = PBXGroup;
			children = (
				44B60641F982759679496D5E /* Pods.debug.xcconfig */,
				CDC4B41D247DBA85DAB1DFF1 /* Pods.release.xcconfig */,
			);
			name = Pods;
			sourceTree = "<group>";
		};
		A9665AFB6D1A3B96C5ED9B60 /* Frameworks */ = {
			isa = PBXGroup;
			children = (
				E452813E1AA40737006D2332 /* WebKit.framework */,
				E477F0601A9E07D700BF8BE7 /* MediaPlayer.framework */,
				E4DFCCA21A9C1AE200E8D9B9 /* Accounts.framework */,
				E4DFCCA01A9C0CDD00E8D9B9 /* Social.framework */,
				E43EFEDF1A894AD200B93D05 /* MapKit.framework */,
				E45700681A794C2300A36ACD /* QuartzCore.framework */,
				E41448E91A7698F5002EB3AB /* CoreLocation.framework */,
				0F6E0023750A50BB40328B9C /* libPods.a */,
			);
			name = Frameworks;
			sourceTree = "<group>";
		};
		E41448B11A768EAF002EB3AB = {
			isa = PBXGroup;
			children = (
				E41448BC1A768EAF002EB3AB /* Jailbreak */,
				E41448D61A768EAF002EB3AB /* JailbreakTests */,
				E41448BB1A768EAF002EB3AB /* Products */,
				A92354DD1B266A89E35049FB /* Pods */,
				A9665AFB6D1A3B96C5ED9B60 /* Frameworks */,
			);
			sourceTree = "<group>";
		};
		E41448BB1A768EAF002EB3AB /* Products */ = {
			isa = PBXGroup;
			children = (
				E41448BA1A768EAF002EB3AB /* Jailbreak.app */,
				E41448D31A768EAF002EB3AB /* JailbreakTests.xctest */,
			);
			name = Products;
			sourceTree = "<group>";
		};
		E41448BC1A768EAF002EB3AB /* Jailbreak */ = {
			isa = PBXGroup;
			children = (
				E457006D1A795D8B00A36ACD /* JBAPIManager.h */,
				E457006E1A795D8B00A36ACD /* JBAPIManager.m */,
				E48FD5811A77220000FFA94B /* Categories */,
				E41448E31A769551002EB3AB /* Controllers */,
				E41448CA1A768EAF002EB3AB /* Images.xcassets */,
				E41448C11A768EAF002EB3AB /* JBAppDelegate.h */,
				E41448C21A768EAF002EB3AB /* JBAppDelegate.m */,
				E41448CC1A768EAF002EB3AB /* LaunchScreen.xib */,
				E41448C71A768EAF002EB3AB /* Main.storyboard */,
				E41448E41A769551002EB3AB /* Models */,
				E41448BD1A768EAF002EB3AB /* Supporting Files */,
				E4B54A4A1A9D636400AB9481 /* TTTOrdinalNumberFormatter.h */,
				E4B54A4B1A9D636400AB9481 /* TTTOrdinalNumberFormatter.m */,
				E41448E51A769551002EB3AB /* Views */,
			);
			path = Jailbreak;
			sourceTree = "<group>";
		};
		E41448BD1A768EAF002EB3AB /* Supporting Files */ = {
			isa = PBXGroup;
			children = (
				E41448BE1A768EAF002EB3AB /* Info.plist */,
				E41448BF1A768EAF002EB3AB /* main.m */,
			);
			name = "Supporting Files";
			sourceTree = "<group>";
		};
		E41448D61A768EAF002EB3AB /* JailbreakTests */ = {
			isa = PBXGroup;
			children = (
				E41448D91A768EAF002EB3AB /* JailbreakTests.m */,
				E41448D71A768EAF002EB3AB /* Supporting Files */,
			);
			path = JailbreakTests;
			sourceTree = "<group>";
		};
		E41448D71A768EAF002EB3AB /* Supporting Files */ = {
			isa = PBXGroup;
			children = (
				E41448D81A768EAF002EB3AB /* Info.plist */,
			);
			name = "Supporting Files";
			sourceTree = "<group>";
		};
		E41448E31A769551002EB3AB /* Controllers */ = {
			isa = PBXGroup;
			children = (
				E41448F41A76E0DA002EB3AB /* JBBaseTableViewController.h */,
				E41448F51A76E0DA002EB3AB /* JBBaseTableViewController.m */,
				E41448EE1A76DE04002EB3AB /* JBBaseViewController.h */,
				E41448EF1A76DE04002EB3AB /* JBBaseViewController.m */,
				E41448F71A76E787002EB3AB /* JBFeedTableViewController.h */,
				E41448F81A76E787002EB3AB /* JBFeedTableViewController.m */,
				E46510ED1AA053C500CF9CF7 /* JBIntroViewController.h */,
				E46510EE1AA053C500CF9CF7 /* JBIntroViewController.m */,
				E4E6C1D51A9570F600D138EA /* JBMapViewController.h */,
				E4E6C1D61A9570F600D138EA /* JBMapViewController.m */,
				E47E944C1AA27C490040D417 /* JBPostsTableViewController.h */,
				E47E944D1AA27C490040D417 /* JBPostsTableViewController.m */,
				E47E944F1AA27F840040D417 /* JBTeamPostsTableViewController.h */,
				E47E94501AA27F840040D417 /* JBTeamPostsTableViewController.m */,
				E4E6C1D21A952CC600D138EA /* JBTeamProfileViewController.h */,
				E4E6C1D31A952CC600D138EA /* JBTeamProfileViewController.m */,
				E4A18D1A1A96BB6D0086D70A /* JBTeamsMapViewController.h */,
				E4A18D1B1A96BB6D0086D70A /* JBTeamsMapViewController.m */,
				E45E01221A803CB30034CA28 /* JBTeamsTableViewController.h */,
				E45E01231A803CB30034CA28 /* JBTeamsTableViewController.m */,
				E45281401AA4172D006D2332 /* STKWebKitModalViewController.h */,
				E45281411AA4172D006D2332 /* STKWebKitModalViewController.m */,
				E45281421AA4172D006D2332 /* STKWebKitViewController.h */,
				E45281431AA4172D006D2332 /* STKWebKitViewController.m */,
			);
			path = Controllers;
			sourceTree = "<group>";
		};
		E41448E41A769551002EB3AB /* Models */ = {
			isa = PBXGroup;
			children = (
				E4474A201A92A74D005557B1 /* JBAnnotation.h */,
				E4474A211A92A74D005557B1 /* JBAnnotation.m */,
				E46A92711A79CA2A002EF3A3 /* JBChallenge.h */,
				E46A92721A79CA2A002EF3A3 /* JBChallenge.m */,
				E457006A1A7959AC00A36ACD /* JBCheckin.h */,
				E457006B1A7959AC00A36ACD /* JBCheckin.m */,
				E46A92741A79CC2D002EF3A3 /* JBDonation.h */,
				E46A92751A79CC2D002EF3A3 /* JBDonation.m */,
				E49E05A01A9A441000E4A319 /* JBPost.h */,
				E49E05A11A9A441000E4A319 /* JBPost.m */,
				E49F8E991A9EA47900B1B768 /* JBPostDonate.h */,
				E49F8E9A1A9EA47900B1B768 /* JBPostDonate.m */,
				E4B54A441A9CE0D500AB9481 /* JBPostFacebook.h */,
				E4B54A451A9CE0D500AB9481 /* JBPostFacebook.m */,
				E4B54A501A9D795400AB9481 /* JBPostInstagram.h */,
				E4B54A511A9D795400AB9481 /* JBPostInstagram.m */,
				E4B54A3E1A9CDBDF00AB9481 /* JBPostLink.h */,
				E4B54A3F1A9CDBDF00AB9481 /* JBPostLink.m */,
				E4B54A411A9CDD5400AB9481 /* JBPostTwitter.h */,
				E4B54A421A9CDD5400AB9481 /* JBPostTwitter.m */,
				E4B54A4D1A9D766C00AB9481 /* JBPostVine.h */,
				E4B54A4E1A9D766C00AB9481 /* JBPostVine.m */,
				E40A2AF61A7BC780001C5AF1 /* JBService.h */,
				E40A2AF71A7BC780001C5AF1 /* JBService.m */,
				E41448E61A76968D002EB3AB /* JBTeam.h */,
				E41448E71A76968D002EB3AB /* JBTeam.m */,
				E41448EB1A76A78F002EB3AB /* JBUser.h */,
				E41448EC1A76A78F002EB3AB /* JBUser.m */,
			);
			path = Models;
			sourceTree = "<group>";
		};
		E41448E51A769551002EB3AB /* Views */ = {
			isa = PBXGroup;
			children = (
				E45E011E1A802E0D0034CA28 /* CERoundProgressLayer.h */,
				E45E011F1A802E0D0034CA28 /* CERoundProgressLayer.m */,
				E45E011C1A802E0D0034CA28 /* CERoundProgressView.h */,
				E45E011D1A802E0D0034CA28 /* CERoundProgressView.m */,
				E43EFEED1A8BE61600B93D05 /* JBButton.h */,
				E43EFEEE1A8BE61600B93D05 /* JBButton.m */,
				E45E01131A8004300034CA28 /* JBCircularImageView.h */,
				E45E01141A8004300034CA28 /* JBCircularImageView.m */,
				E418A7B31A99562C00AC02A2 /* JBFeedBaseTableViewCell.h */,
				E418A7B41A99562C00AC02A2 /* JBFeedBaseTableViewCell.m */,
				E49F8E9F1A9ED28700B1B768 /* JBFeedCheckinTableViewCell.h */,
				E49F8EA01A9ED28700B1B768 /* JBFeedCheckinTableViewCell.m */,
				E49F8E961A9EA3B800B1B768 /* JBFeedDonateTableViewCell.h */,
				E49F8E971A9EA3B800B1B768 /* JBFeedDonateTableViewCell.m */,
				E418A7B61A9962F700AC02A2 /* JBFeedImageTableViewCell.h */,
				E418A7B71A9962F800AC02A2 /* JBFeedImageTableViewCell.m */,
				E49F8E9C1A9EC6EF00B1B768 /* JBFeedLinkTableViewCell.h */,
				E49F8E9D1A9EC6EF00B1B768 /* JBFeedLinkTableViewCell.m */,
				E477F05D1A9E07A700BF8BE7 /* JBFeedVineTableViewCell.h */,
				E477F05E1A9E07A700BF8BE7 /* JBFeedVineTableViewCell.m */,
				E4070AF71A9289B3007E3CBB /* JBMapTableViewCell.h */,
				E4070AF81A9289B3007E3CBB /* JBMapTableViewCell.m */,
				E476BDB21A92FC1900728C9E /* JBTeamAboutTableViewCell.h */,
				E476BDB31A92FC1900728C9E /* JBTeamAboutTableViewCell.m */,
				E43EFEE71A8AEDBF00B93D05 /* JBTeamsTableViewCell.h */,
				E43EFEE81A8AEDBF00B93D05 /* JBTeamsTableViewCell.m */,
				E4E6C1CF1A94E41600D138EA /* JBTeamStatsTableViewCell.h */,
				E4E6C1D01A94E41600D138EA /* JBTeamStatsTableViewCell.m */,
				E476BDAC1A92E66200728C9E /* JBTeamSummaryTableViewCell.h */,
				E476BDAD1A92E66200728C9E /* JBTeamSummaryTableViewCell.m */,
				E46090751A9401D5008DC7E9 /* JBTeamVideoTableViewCell.h */,
				E46090761A9401D5008DC7E9 /* JBTeamVideoTableViewCell.m */,
				E43EFEE41A8AC6BE00B93D05 /* JBYouTubeView.h */,
				E43EFEE51A8AC6BE00B93D05 /* JBYouTubeView.m */,
			);
			path = Views;
			sourceTree = "<group>";
		};
		E48FD5811A77220000FFA94B /* Categories */ = {
			isa = PBXGroup;
			children = (
				E46510EA1AA0348200CF9CF7 /* JBCheckin+Annotation.h */,
				E46510EB1AA0348200CF9CF7 /* JBCheckin+Annotation.m */,
				E46510E71AA030AE00CF9CF7 /* JBTeam+Annotation.h */,
				E46510E81AA030AE00CF9CF7 /* JBTeam+Annotation.m */,
				E43EFEE11A894E9900B93D05 /* MKMapView+Snapshot.h */,
				E43EFEE21A894E9900B93D05 /* MKMapView+Snapshot.m */,
				E4F45FBA1A8F98DE003A4997 /* NSDictionary+JBAdditions.h */,
				E4F45FBB1A8F98DE003A4997 /* NSDictionary+JBAdditions.m */,
				E43EFEF01A8BF80900B93D05 /* UIColor+JBAdditions.h */,
				E43EFEF11A8BF80900B93D05 /* UIColor+JBAdditions.m */,
				E43EFEEA1A8BA3D700B93D05 /* UIImage+JBAdditions.h */,
				E43EFEEB1A8BA3D700B93D05 /* UIImage+JBAdditions.m */,
				E45E01161A8010FC0034CA28 /* UIImageView+WebCacheWithProgress.h */,
				E45E01171A8010FC0034CA28 /* UIImageView+WebCacheWithProgress.m */,
			);
			path = Categories;
			sourceTree = "<group>";
		};
/* End PBXGroup section */

/* Begin PBXNativeTarget section */
		E41448B91A768EAF002EB3AB /* Jailbreak */ = {
			isa = PBXNativeTarget;
			buildConfigurationList = E41448DD1A768EAF002EB3AB /* Build configuration list for PBXNativeTarget "Jailbreak" */;
			buildPhases = (
				8FE99AC0BE23B2AB5ECAFEF9 /* Check Pods Manifest.lock */,
				E41448B61A768EAF002EB3AB /* Sources */,
				E41448B71A768EAF002EB3AB /* Frameworks */,
				E41448B81A768EAF002EB3AB /* Resources */,
				7449120B2C2C2E87EA374F71 /* Copy Pods Resources */,
			);
			buildRules = (
			);
			dependencies = (
			);
			name = Jailbreak;
			productName = Jailbreak;
			productReference = E41448BA1A768EAF002EB3AB /* Jailbreak.app */;
			productType = "com.apple.product-type.application";
		};
		E41448D21A768EAF002EB3AB /* JailbreakTests */ = {
			isa = PBXNativeTarget;
			buildConfigurationList = E41448E01A768EAF002EB3AB /* Build configuration list for PBXNativeTarget "JailbreakTests" */;
			buildPhases = (
				E41448CF1A768EAF002EB3AB /* Sources */,
				E41448D01A768EAF002EB3AB /* Frameworks */,
				E41448D11A768EAF002EB3AB /* Resources */,
			);
			buildRules = (
			);
			dependencies = (
				E41448D51A768EAF002EB3AB /* PBXTargetDependency */,
			);
			name = JailbreakTests;
			productName = JailbreakTests;
			productReference = E41448D31A768EAF002EB3AB /* JailbreakTests.xctest */;
			productType = "com.apple.product-type.bundle.unit-test";
		};
/* End PBXNativeTarget section */

/* Begin PBXProject section */
		E41448B21A768EAF002EB3AB /* Project object */ = {
			isa = PBXProject;
			attributes = {
				LastUpgradeCheck = 0610;
				ORGANIZATIONNAME = "Jailbreak HQ";
				TargetAttributes = {
					E41448B91A768EAF002EB3AB = {
						CreatedOnToolsVersion = 6.1.1;
						DevelopmentTeam = W3Z976JG37;
					};
					E41448D21A768EAF002EB3AB = {
						CreatedOnToolsVersion = 6.1.1;
						TestTargetID = E41448B91A768EAF002EB3AB;
					};
				};
			};
			buildConfigurationList = E41448B51A768EAF002EB3AB /* Build configuration list for PBXProject "Jailbreak" */;
			compatibilityVersion = "Xcode 3.2";
			developmentRegion = English;
			hasScannedForEncodings = 0;
			knownRegions = (
				en,
				Base,
			);
			mainGroup = E41448B11A768EAF002EB3AB;
			productRefGroup = E41448BB1A768EAF002EB3AB /* Products */;
			projectDirPath = "";
			projectRoot = "";
			targets = (
				E41448B91A768EAF002EB3AB /* Jailbreak */,
				E41448D21A768EAF002EB3AB /* JailbreakTests */,
			);
		};
/* End PBXProject section */

/* Begin PBXResourcesBuildPhase section */
		E41448B81A768EAF002EB3AB /* Resources */ = {
			isa = PBXResourcesBuildPhase;
			buildActionMask = 2147483647;
			files = (
				E41448C91A768EAF002EB3AB /* Main.storyboard in Resources */,
				E41448CE1A768EAF002EB3AB /* LaunchScreen.xib in Resources */,
				E41448CB1A768EAF002EB3AB /* Images.xcassets in Resources */,
			);
			runOnlyForDeploymentPostprocessing = 0;
		};
		E41448D11A768EAF002EB3AB /* Resources */ = {
			isa = PBXResourcesBuildPhase;
			buildActionMask = 2147483647;
			files = (
			);
			runOnlyForDeploymentPostprocessing = 0;
		};
/* End PBXResourcesBuildPhase section */

/* Begin PBXShellScriptBuildPhase section */
		7449120B2C2C2E87EA374F71 /* Copy Pods Resources */ = {
			isa = PBXShellScriptBuildPhase;
			buildActionMask = 2147483647;
			files = (
			);
			inputPaths = (
			);
			name = "Copy Pods Resources";
			outputPaths = (
			);
			runOnlyForDeploymentPostprocessing = 0;
			shellPath = /bin/sh;
			shellScript = "\"${SRCROOT}/Pods/Target Support Files/Pods/Pods-resources.sh\"\n";
			showEnvVarsInLog = 0;
		};
		8FE99AC0BE23B2AB5ECAFEF9 /* Check Pods Manifest.lock */ = {
			isa = PBXShellScriptBuildPhase;
			buildActionMask = 2147483647;
			files = (
			);
			inputPaths = (
			);
			name = "Check Pods Manifest.lock";
			outputPaths = (
			);
			runOnlyForDeploymentPostprocessing = 0;
			shellPath = /bin/sh;
			shellScript = "diff \"${PODS_ROOT}/../Podfile.lock\" \"${PODS_ROOT}/Manifest.lock\" > /dev/null\nif [[ $? != 0 ]] ; then\n    cat << EOM\nerror: The sandbox is not in sync with the Podfile.lock. Run 'pod install' or update your CocoaPods installation.\nEOM\n    exit 1\nfi\n";
			showEnvVarsInLog = 0;
		};
/* End PBXShellScriptBuildPhase section */

/* Begin PBXSourcesBuildPhase section */
		E41448B61A768EAF002EB3AB /* Sources */ = {
			isa = PBXSourcesBuildPhase;
			buildActionMask = 2147483647;
			files = (
				E457006C1A7959AC00A36ACD /* JBCheckin.m in Sources */,
				E43EFEE31A894E9900B93D05 /* MKMapView+Snapshot.m in Sources */,
				E46090771A9401D5008DC7E9 /* JBTeamVideoTableViewCell.m in Sources */,
				E43EFEE91A8AEDBF00B93D05 /* JBTeamsTableViewCell.m in Sources */,
				E41448F91A76E787002EB3AB /* JBFeedTableViewController.m in Sources */,
				E476BDB41A92FC1900728C9E /* JBTeamAboutTableViewCell.m in Sources */,
				E418A7B81A9962F800AC02A2 /* JBFeedImageTableViewCell.m in Sources */,
				E49F8E9B1A9EA47900B1B768 /* JBPostDonate.m in Sources */,
				E47E94511AA27F840040D417 /* JBTeamPostsTableViewController.m in Sources */,
				E49F8EA11A9ED28700B1B768 /* JBFeedCheckinTableViewCell.m in Sources */,
				E43EFEE61A8AC6BE00B93D05 /* JBYouTubeView.m in Sources */,
				E45E01181A8010FC0034CA28 /* UIImageView+WebCacheWithProgress.m in Sources */,
				E4B54A4C1A9D636400AB9481 /* TTTOrdinalNumberFormatter.m in Sources */,
				E45E01241A803CB30034CA28 /* JBTeamsTableViewController.m in Sources */,
				E418A7B51A99562C00AC02A2 /* JBFeedBaseTableViewCell.m in Sources */,
				E46510EC1AA0348200CF9CF7 /* JBCheckin+Annotation.m in Sources */,
				E41448C31A768EAF002EB3AB /* JBAppDelegate.m in Sources */,
				E4F45FBC1A8F98DE003A4997 /* NSDictionary+JBAdditions.m in Sources */,
				E46A92761A79CC2D002EF3A3 /* JBDonation.m in Sources */,
				E41448F01A76DE04002EB3AB /* JBBaseViewController.m in Sources */,
				E4E6C1D41A952CC600D138EA /* JBTeamProfileViewController.m in Sources */,
				E41448C01A768EAF002EB3AB /* main.m in Sources */,
				E43EFEEC1A8BA3D700B93D05 /* UIImage+JBAdditions.m in Sources */,
				E47E944E1AA27C490040D417 /* JBPostsTableViewController.m in Sources */,
				E457006F1A795D8B00A36ACD /* JBAPIManager.m in Sources */,
				E46510E91AA030AE00CF9CF7 /* JBTeam+Annotation.m in Sources */,
				E4070AF91A9289B3007E3CBB /* JBMapTableViewCell.m in Sources */,
				E41448ED1A76A78F002EB3AB /* JBUser.m in Sources */,
				E49F8E981A9EA3B800B1B768 /* JBFeedDonateTableViewCell.m in Sources */,
				E4A18D1C1A96BB6D0086D70A /* JBTeamsMapViewController.m in Sources */,
				E4474A221A92A74D005557B1 /* JBAnnotation.m in Sources */,
				E4B54A4F1A9D766C00AB9481 /* JBPostVine.m in Sources */,
				E476BDAE1A92E66200728C9E /* JBTeamSummaryTableViewCell.m in Sources */,
				E46510EF1AA053C500CF9CF7 /* JBIntroViewController.m in Sources */,
				E45281451AA4172D006D2332 /* STKWebKitViewController.m in Sources */,
				E43EFEEF1A8BE61600B93D05 /* JBButton.m in Sources */,
				E41448E81A76968D002EB3AB /* JBTeam.m in Sources */,
				E45E01201A802E0D0034CA28 /* CERoundProgressView.m in Sources */,
				E4E6C1D71A9570F600D138EA /* JBMapViewController.m in Sources */,
				E49E05A21A9A441000E4A319 /* JBPost.m in Sources */,
				E4B54A431A9CDD5400AB9481 /* JBPostTwitter.m in Sources */,
				E4E6C1D11A94E41600D138EA /* JBTeamStatsTableViewCell.m in Sources */,
				E49F8E9E1A9EC6EF00B1B768 /* JBFeedLinkTableViewCell.m in Sources */,
				E4B54A521A9D795400AB9481 /* JBPostInstagram.m in Sources */,
				E41448F61A76E0DA002EB3AB /* JBBaseTableViewController.m in Sources */,
				E46A92731A79CA2A002EF3A3 /* JBChallenge.m in Sources */,
				E45281441AA4172D006D2332 /* STKWebKitModalViewController.m in Sources */,
				E43EFEF21A8BF80900B93D05 /* UIColor+JBAdditions.m in Sources */,
				E4B54A461A9CE0D500AB9481 /* JBPostFacebook.m in Sources */,
				E45E01151A8004300034CA28 /* JBCircularImageView.m in Sources */,
				E40A2AF81A7BC780001C5AF1 /* JBService.m in Sources */,
				E477F05F1A9E07A700BF8BE7 /* JBFeedVineTableViewCell.m in Sources */,
				E45E01211A802E0D0034CA28 /* CERoundProgressLayer.m in Sources */,
				E4B54A401A9CDBDF00AB9481 /* JBPostLink.m in Sources */,
			);
			runOnlyForDeploymentPostprocessing = 0;
		};
		E41448CF1A768EAF002EB3AB /* Sources */ = {
			isa = PBXSourcesBuildPhase;
			buildActionMask = 2147483647;
			files = (
				E41448DA1A768EAF002EB3AB /* JailbreakTests.m in Sources */,
			);
			runOnlyForDeploymentPostprocessing = 0;
		};
/* End PBXSourcesBuildPhase section */

/* Begin PBXTargetDependency section */
		E41448D51A768EAF002EB3AB /* PBXTargetDependency */ = {
			isa = PBXTargetDependency;
			target = E41448B91A768EAF002EB3AB /* Jailbreak */;
			targetProxy = E41448D41A768EAF002EB3AB /* PBXContainerItemProxy */;
		};
/* End PBXTargetDependency section */

/* Begin PBXVariantGroup section */
		E41448C71A768EAF002EB3AB /* Main.storyboard */ = {
			isa = PBXVariantGroup;
			children = (
				E41448C81A768EAF002EB3AB /* Base */,
			);
			name = Main.storyboard;
			sourceTree = "<group>";
		};
		E41448CC1A768EAF002EB3AB /* LaunchScreen.xib */ = {
			isa = PBXVariantGroup;
			children = (
				E41448CD1A768EAF002EB3AB /* Base */,
			);
			name = LaunchScreen.xib;
			sourceTree = "<group>";
		};
/* End PBXVariantGroup section */

/* Begin XCBuildConfiguration section */
		E41448DB1A768EAF002EB3AB /* Debug */ = {
			isa = XCBuildConfiguration;
			buildSettings = {
				ALWAYS_SEARCH_USER_PATHS = NO;
				CLANG_CXX_LANGUAGE_STANDARD = "gnu++0x";
				CLANG_CXX_LIBRARY = "libc++";
				CLANG_ENABLE_MODULES = YES;
				CLANG_ENABLE_OBJC_ARC = YES;
				CLANG_WARN_BOOL_CONVERSION = YES;
				CLANG_WARN_CONSTANT_CONVERSION = YES;
				CLANG_WARN_DIRECT_OBJC_ISA_USAGE = YES_ERROR;
				CLANG_WARN_EMPTY_BODY = YES;
				CLANG_WARN_ENUM_CONVERSION = YES;
				CLANG_WARN_INT_CONVERSION = YES;
				CLANG_WARN_OBJC_ROOT_CLASS = YES_ERROR;
				CLANG_WARN_UNREACHABLE_CODE = YES;
				CLANG_WARN__DUPLICATE_METHOD_MATCH = YES;
				"CODE_SIGN_IDENTITY[sdk=iphoneos*]" = "iPhone Developer";
				COPY_PHASE_STRIP = NO;
				ENABLE_STRICT_OBJC_MSGSEND = YES;
				GCC_C_LANGUAGE_STANDARD = gnu99;
				GCC_DYNAMIC_NO_PIC = NO;
				GCC_OPTIMIZATION_LEVEL = 0;
				GCC_PREPROCESSOR_DEFINITIONS = (
					"DEBUG=1",
					"$(inherited)",
				);
				GCC_SYMBOLS_PRIVATE_EXTERN = NO;
				GCC_WARN_64_TO_32_BIT_CONVERSION = YES;
				GCC_WARN_ABOUT_RETURN_TYPE = YES_ERROR;
				GCC_WARN_UNDECLARED_SELECTOR = YES;
				GCC_WARN_UNINITIALIZED_AUTOS = YES_AGGRESSIVE;
				GCC_WARN_UNUSED_FUNCTION = YES;
				GCC_WARN_UNUSED_VARIABLE = YES;
				IPHONEOS_DEPLOYMENT_TARGET = 8.1;
				MTL_ENABLE_DEBUG_INFO = YES;
				ONLY_ACTIVE_ARCH = YES;
				SDKROOT = iphoneos;
				TARGETED_DEVICE_FAMILY = "1,2";
			};
			name = Debug;
		};
		E41448DC1A768EAF002EB3AB /* Release */ = {
			isa = XCBuildConfiguration;
			buildSettings = {
				ALWAYS_SEARCH_USER_PATHS = NO;
				CLANG_CXX_LANGUAGE_STANDARD = "gnu++0x";
				CLANG_CXX_LIBRARY = "libc++";
				CLANG_ENABLE_MODULES = YES;
				CLANG_ENABLE_OBJC_ARC = YES;
				CLANG_WARN_BOOL_CONVERSION = YES;
				CLANG_WARN_CONSTANT_CONVERSION = YES;
				CLANG_WARN_DIRECT_OBJC_ISA_USAGE = YES_ERROR;
				CLANG_WARN_EMPTY_BODY = YES;
				CLANG_WARN_ENUM_CONVERSION = YES;
				CLANG_WARN_INT_CONVERSION = YES;
				CLANG_WARN_OBJC_ROOT_CLASS = YES_ERROR;
				CLANG_WARN_UNREACHABLE_CODE = YES;
				CLANG_WARN__DUPLICATE_METHOD_MATCH = YES;
				"CODE_SIGN_IDENTITY[sdk=iphoneos*]" = "iPhone Developer";
				COPY_PHASE_STRIP = YES;
				ENABLE_NS_ASSERTIONS = NO;
				ENABLE_STRICT_OBJC_MSGSEND = YES;
				GCC_C_LANGUAGE_STANDARD = gnu99;
				GCC_WARN_64_TO_32_BIT_CONVERSION = YES;
				GCC_WARN_ABOUT_RETURN_TYPE = YES_ERROR;
				GCC_WARN_UNDECLARED_SELECTOR = YES;
				GCC_WARN_UNINITIALIZED_AUTOS = YES_AGGRESSIVE;
				GCC_WARN_UNUSED_FUNCTION = YES;
				GCC_WARN_UNUSED_VARIABLE = YES;
				IPHONEOS_DEPLOYMENT_TARGET = 8.1;
				MTL_ENABLE_DEBUG_INFO = NO;
				SDKROOT = iphoneos;
				TARGETED_DEVICE_FAMILY = "1,2";
				VALIDATE_PRODUCT = YES;
			};
			name = Release;
		};
		E41448DE1A768EAF002EB3AB /* Debug */ = {
			isa = XCBuildConfiguration;
			baseConfigurationReference = 44B60641F982759679496D5E /* Pods.debug.xcconfig */;
			buildSettings = {
				ASSETCATALOG_COMPILER_APPICON_NAME = AppIcon;
				CODE_SIGN_IDENTITY = "iPhone Developer";
				INFOPLIST_FILE = Jailbreak/Info.plist;
				IPHONEOS_DEPLOYMENT_TARGET = 8.0;
				LD_RUNPATH_SEARCH_PATHS = "$(inherited) @executable_path/Frameworks";
				PRODUCT_NAME = "$(TARGET_NAME)";
			};
			name = Debug;
		};
		E41448DF1A768EAF002EB3AB /* Release */ = {
			isa = XCBuildConfiguration;
			baseConfigurationReference = CDC4B41D247DBA85DAB1DFF1 /* Pods.release.xcconfig */;
			buildSettings = {
				ASSETCATALOG_COMPILER_APPICON_NAME = AppIcon;
				CODE_SIGN_IDENTITY = "iPhone Developer";
				INFOPLIST_FILE = Jailbreak/Info.plist;
				IPHONEOS_DEPLOYMENT_TARGET = 8.0;
				LD_RUNPATH_SEARCH_PATHS = "$(inherited) @executable_path/Frameworks";
				PRODUCT_NAME = "$(TARGET_NAME)";
			};
			name = Release;
		};
		E41448E11A768EAF002EB3AB /* Debug */ = {
			isa = XCBuildConfiguration;
			buildSettings = {
				BUNDLE_LOADER = "$(TEST_HOST)";
				FRAMEWORK_SEARCH_PATHS = (
					"$(SDKROOT)/Developer/Library/Frameworks",
					"$(inherited)",
				);
				GCC_PREPROCESSOR_DEFINITIONS = (
					"DEBUG=1",
					"$(inherited)",
				);
				INFOPLIST_FILE = JailbreakTests/Info.plist;
				LD_RUNPATH_SEARCH_PATHS = "$(inherited) @executable_path/Frameworks @loader_path/Frameworks";
				PRODUCT_NAME = "$(TARGET_NAME)";
				TEST_HOST = "$(BUILT_PRODUCTS_DIR)/Jailbreak.app/Jailbreak";
			};
			name = Debug;
		};
		E41448E21A768EAF002EB3AB /* Release */ = {
			isa = XCBuildConfiguration;
			buildSettings = {
				BUNDLE_LOADER = "$(TEST_HOST)";
				FRAMEWORK_SEARCH_PATHS = (
					"$(SDKROOT)/Developer/Library/Frameworks",
					"$(inherited)",
				);
				INFOPLIST_FILE = JailbreakTests/Info.plist;
				LD_RUNPATH_SEARCH_PATHS = "$(inherited) @executable_path/Frameworks @loader_path/Frameworks";
				PRODUCT_NAME = "$(TARGET_NAME)";
				TEST_HOST = "$(BUILT_PRODUCTS_DIR)/Jailbreak.app/Jailbreak";
			};
			name = Release;
		};
/* End XCBuildConfiguration section */

/* Begin XCConfigurationList section */
		E41448B51A768EAF002EB3AB /* Build configuration list for PBXProject "Jailbreak" */ = {
			isa = XCConfigurationList;
			buildConfigurations = (
				E41448DB1A768EAF002EB3AB /* Debug */,
				E41448DC1A768EAF002EB3AB /* Release */,
			);
			defaultConfigurationIsVisible = 0;
			defaultConfigurationName = Release;
		};
		E41448DD1A768EAF002EB3AB /* Build configuration list for PBXNativeTarget "Jailbreak" */ = {
			isa = XCConfigurationList;
			buildConfigurations = (
				E41448DE1A768EAF002EB3AB /* Debug */,
				E41448DF1A768EAF002EB3AB /* Release */,
			);
			defaultConfigurationIsVisible = 0;
			defaultConfigurationName = Release;
		};
		E41448E01A768EAF002EB3AB /* Build configuration list for PBXNativeTarget "JailbreakTests" */ = {
			isa = XCConfigurationList;
			buildConfigurations = (
				E41448E11A768EAF002EB3AB /* Debug */,
				E41448E21A768EAF002EB3AB /* Release */,
			);
			defaultConfigurationIsVisible = 0;
			defaultConfigurationName = Release;
		};
/* End XCConfigurationList section */
	};
	rootObject = E41448B21A768EAF002EB3AB /* Project object */;
}
