PODS:
  - AFNetworking (2.5.1):
    - AFNetworking/NSURLConnection (= 2.5.1)
    - AFNetworking/NSURLSession (= 2.5.1)
    - AFNetworking/Reachability (= 2.5.1)
    - AFNetworking/Security (= 2.5.1)
    - AFNetworking/Serialization (= 2.5.1)
    - AFNetworking/UIKit (= 2.5.1)
  - AFNetworking/NSURLConnection (2.5.1):
    - AFNetworking/Reachability
    - AFNetworking/Security
    - AFNetworking/Serialization
  - AFNetworking/NSURLSession (2.5.1):
    - AFNetworking/Reachability
    - AFNetworking/Security
    - AFNetworking/Serialization
  - AFNetworking/Reachability (2.5.1)
  - AFNetworking/Security (2.5.1)
  - AFNetworking/Serialization (2.5.1)
  - AFNetworking/UIKit (2.5.1):
    - AFNetworking/NSURLConnection
    - AFNetworking/NSURLSession
  - Bolts (1.1.4)
  - BSKeyboardControls (2.2)
  - DateTools (1.5.0)
  - Facebook-iOS-SDK (3.23.0):
    - Bolts (~> 1.0)
  - JTSHardwareInfo (0.0.1)
  - JTSImageViewController (1.4)
  - SAMRateLimit (0.2.0)
  - SDWebImage (3.7.1):
    - SDWebImage/Core (= 3.7.1)
  - SDWebImage/Core (3.7.1)
  - SpinKit (1.2.0)
  - SVPullToRefresh (0.4.1)
  - TPKeyboardAvoiding (1.2.6)
  - TSMessages (1.0)
  - TTTAttributedLabel (1.13.2)
  - XCDYouTubeKit (2.1.0)

DEPENDENCIES:
  - AFNetworking
  - BSKeyboardControls
  - DateTools
  - Facebook-iOS-SDK
  - JTSHardwareInfo
  - JTSImageViewController
  - SAMRateLimit
  - SDWebImage
  - SpinKit
  - SVPullToRefresh
  - TPKeyboardAvoiding
  - TSMessages (from `https://github.com/Shayanzadeh/TSMessages`, branch `jailbreak`)
  - TTTAttributedLabel
  - XCDYouTubeKit

EXTERNAL SOURCES:
  TSMessages:
    :branch: jailbreak
    :git: https://github.com/Shayanzadeh/TSMessages

CHECKOUT OPTIONS:
  TSMessages:
    :commit: 38e95be8332c8ae92ba63b4a4893927edd1b4505
    :git: https://github.com/Shayanzadeh/TSMessages

SPEC CHECKSUMS:
  AFNetworking: 8bee59492a6ff15d69130efa4d0dc67e0094a52a
  Bolts: dd9fb8433d67f5acc3b6b4d1379bbc5513d716c1
  BSKeyboardControls: c9aa1bdbb5ecd454aa3d0b2279f79c5dc4b6c6ad
  DateTools: 7df78f0c4719eb28cfd2d58a90fafd036e73156c
  Facebook-iOS-SDK: 3d65f685348b789e46a9aacf92bfa85b60b63755
  JTSHardwareInfo: 4dcdb13d5d877e4a8b7bfdad7860fb6043347792
  JTSImageViewController: 9fe6402194b7679f0e28d0c1002d6164301fc34a
  SAMRateLimit: f47a9961333e2d44fe189ef2233cee48012905ee
  SDWebImage: 116e88633b5b416ea0ca4b334a4ac59cf72dd38d
  SpinKit: 11fa465172473ce3d59a80bf0449020b850e5229
  SVPullToRefresh: d5161ebc833a38b465364412e5e307ca80bbb190
  TPKeyboardAvoiding: 0797ad5f2366e2435e605202b01f3b7cff5d82cd
  TSMessages: 76809620fd0e599012f3aea30febb0e9513feb74
  TTTAttributedLabel: 7c4592f9a806badb8b48dc634cb9800447c51594
  XCDYouTubeKit: 0c6f5b28d27b0646989b7c42edd165997ec52299

COCOAPODS: 0.35.0
